{
  "nodes": {
    "diffview-nvim": {
      "flake": false,
      "locked": {
        "lastModified": 1718279802,
        "narHash": "sha256-SX+ybIzL/w6uyCy4iZKnWnzTFwqB1oXSgyYVAdpdKi8=",
        "owner": "sindrets",
        "repo": "diffview.nvim",
        "rev": "4516612fe98ff56ae0415a259ff6361a89419b0a",
        "type": "github"
      },
      "original": {
        "owner": "sindrets",
        "repo": "diffview.nvim",
        "type": "github"
      }
    },
    "neogit": {
      "flake": false,
      "locked": {
        "lastModified": 1763456687,
        "narHash": "sha256-A6KlPgqOwoKswuFiOFah1peCLFNi4BSOUVeeQ1Aw+uI=",
        "owner": "NeogitOrg",
        "repo": "neogit",
        "rev": "4ba620addbeeca2594c794b151e611c037973480",
        "type": "github"
      },
      "original": {
        "owner": "NeogitOrg",
        "repo": "neogit",
        "type": "github"
      }
    },
    "nixCats": {
      "locked": {
        "lastModified": 1763330129,
        "narHash": "sha256-KbOeWIF52SV53BOeETGO2C5ewaV2Ex9iaXH7G72gOr8=",
        "owner": "BirdeeHub",
        "repo": "nixCats-nvim",
        "rev": "c81551ed87db2aefab30a12cf7425ff94dc0ad64",
        "type": "github"
      },
      "original": {
        "owner": "BirdeeHub",
        "repo": "nixCats-nvim",
        "type": "github"
      }
    },
    "nixpkgs": {
      "locked": {
        "lastModified": 1764242076,
        "narHash": "sha256-sKoIWfnijJ0+9e4wRvIgm/HgE27bzwQxcEmo2J/gNpI=",
        "owner": "NixOS",
        "repo": "nixpkgs",
        "rev": "2fad6eac6077f03fe109c4d4eb171cf96791faa4",
        "type": "github"
      },
      "original": {
        "owner": "NixOS",
        "ref": "nixos-unstable",
        "repo": "nixpkgs",
        "type": "github"
      }
    },
    "nuget-packageslock2nix": {
      "inputs": {
        "nixpkgs": [
          "nixpkgs"
        ]
      },
      "locked": {
        "lastModified": 1690832952,
        "narHash": "sha256-lK8lnmcy+4aj0zBUDNh4icamVgQ2jlIKPNx007/zEOA=",
        "owner": "mdarocha",
        "repo": "nuget-packageslock2nix",
        "rev": "5897dae0aaee226bce938afd787ada535a8f0ea2",
        "type": "github"
      },
      "original": {
        "owner": "mdarocha",
        "ref": "main",
        "repo": "nuget-packageslock2nix",
        "type": "github"
      }
    },
    "org-grammar": {
      "flake": false,
      "locked": {
        "lastModified": 1747036335,
        "narHash": "sha256-k1g5+iyJvVWKOuAkFNaaKl42Xmmz9BN+vT0+IQ/4RQI=",
        "owner": "nvim-orgmode",
        "repo": "tree-sitter-org",
        "rev": "a146dd51d52e0eb5a736e427cd244d93375fbed9",
        "type": "github"
      },
      "original": {
        "owner": "nvim-orgmode",
        "ref": "next",
        "repo": "tree-sitter-org",
        "type": "github"
      }
    },
    "orgmode-nvim": {
      "flake": false,
      "locked": {
        "lastModified": 1759555282,
        "narHash": "sha256-pdXipfJ9E+9GEx4iWLVPDIpRWBakeMRRuKXJTN7uBuc=",
        "owner": "nvim-orgmode",
        "repo": "orgmode",
        "rev": "03777caca5c2df4c5b2067734b7829e9df07a423",
        "type": "github"
      },
      "original": {
        "owner": "nvim-orgmode",
        "repo": "orgmode",
        "type": "github"
      }
    },
    "osv-nvim": {
      "flake": false,
      "locked": {
        "lastModified": 1752955441,
        "narHash": "sha256-aDqBD24KvFT1JxlAVnie7RRIwOlboU8jmKhHfhOh+Ns=",
        "owner": "jbyuki",
        "repo": "one-small-step-for-vimkind",
        "rev": "91b4e0fb0d640def73812aceb22dafb99261dd67",
        "type": "github"
      },
      "original": {
        "owner": "jbyuki",
        "repo": "one-small-step-for-vimkind",
        "type": "github"
      }
    },
    "pdfpreview-nvim": {
      "flake": false,
      "locked": {
        "lastModified": 1752362857,
        "narHash": "sha256-t8zJL9MYjUTsNdKlGcPrweR6l/hBKZ7We9NGYEmevL8=",
        "owner": "franco-ruggeri",
        "repo": "pdf-preview.nvim",
        "rev": "640c294222f815f6ec773dba730994fd6d817df0",
        "type": "github"
      },
      "original": {
        "owner": "franco-ruggeri",
        "repo": "pdf-preview.nvim",
        "type": "github"
      }
    },
    "root": {
      "inputs": {
        "nixpkgs": "nixpkgs",
        "nuget-packageslock2nix": "nuget-packageslock2nix",
        "ryanl-nvim": "ryanl-nvim"
      }
    },
    "ryanl-nvim": {
      "inputs": {
        "diffview-nvim": "diffview-nvim",
        "neogit": "neogit",
        "nixCats": "nixCats",
        "nixpkgs": [
          "nixpkgs"
        ],
        "org-grammar": "org-grammar",
        "orgmode-nvim": "orgmode-nvim",
        "osv-nvim": "osv-nvim",
        "pdfpreview-nvim": "pdfpreview-nvim"
      },
      "locked": {
        "lastModified": 1764574587,
        "narHash": "sha256-gvOPq1IaNR/LTTU4kaupoc/nfcl3CoCZ6bp4R+yK3EU=",
        "owner": "rynplynch",
        "repo": "my-nixCats",
        "rev": "cc89b3d710b18fe94ad2e1ad9739c33b116e0d43",
        "type": "github"
      },
      "original": {
        "owner": "rynplynch",
        "repo": "my-nixCats",
        "type": "github"
      }
    }
  },
  "root": "root",
  "version": 7
}
